// !$*UTF8*$!
{
	archiveVersion = 1;
	classes = {
	};
	objectVersion = 46;
	objects = {

/* Begin PBXBuildFile section */
		4406C9051A3B275800162D07 /* ClientCell.m in Sources */ = {isa = PBXBuildFile; fileRef = 4406C9031A3B275800162D07 /* ClientCell.m */; };
		4406C9061A3B275800162D07 /* ClientCell.xib in Resources */ = {isa = PBXBuildFile; fileRef = 4406C9041A3B275800162D07 /* ClientCell.xib */; };
		4406C91A1A3B33D500162D07 /* CartTableViewController.m in Sources */ = {isa = PBXBuildFile; fileRef = 4406C9191A3B33D500162D07 /* CartTableViewController.m */; };
		4406C91E1A3B383B00162D07 /* ProductCell.m in Sources */ = {isa = PBXBuildFile; fileRef = 4406C91C1A3B383B00162D07 /* ProductCell.m */; };
		4406C91F1A3B383B00162D07 /* ProductCell.xib in Resources */ = {isa = PBXBuildFile; fileRef = 4406C91D1A3B383B00162D07 /* ProductCell.xib */; };
		4429248E1A3A658C0059F280 /* main.m in Sources */ = {isa = PBXBuildFile; fileRef = 4429248D1A3A658C0059F280 /* main.m */; };
		442924911A3A658C0059F280 /* AppDelegate.m in Sources */ = {isa = PBXBuildFile; fileRef = 442924901A3A658C0059F280 /* AppDelegate.m */; };
		442924971A3A658C0059F280 /* Main.storyboard in Resources */ = {isa = PBXBuildFile; fileRef = 442924951A3A658C0059F280 /* Main.storyboard */; };
		442924991A3A658C0059F280 /* Images.xcassets in Resources */ = {isa = PBXBuildFile; fileRef = 442924981A3A658C0059F280 /* Images.xcassets */; };
		4429249C1A3A658C0059F280 /* LaunchScreen.xib in Resources */ = {isa = PBXBuildFile; fileRef = 4429249A1A3A658C0059F280 /* LaunchScreen.xib */; };
		442924A81A3A658C0059F280 /* DemoTests.m in Sources */ = {isa = PBXBuildFile; fileRef = 442924A71A3A658C0059F280 /* DemoTests.m */; };
		442924BA1A3A660A0059F280 /* Client.m in Sources */ = {isa = PBXBuildFile; fileRef = 442924B91A3A660A0059F280 /* Client.m */; };
		442924BD1A3A66190059F280 /* Product.m in Sources */ = {isa = PBXBuildFile; fileRef = 442924BC1A3A66190059F280 /* Product.m */; };
		442924C01A3A66300059F280 /* Order.m in Sources */ = {isa = PBXBuildFile; fileRef = 442924BF1A3A66300059F280 /* Order.m */; };
		442924C41A3A684C0059F280 /* BaseManager.m in Sources */ = {isa = PBXBuildFile; fileRef = 442924C31A3A684C0059F280 /* BaseManager.m */; };
		442924C71A3A6BE50059F280 /* ProductManager.m in Sources */ = {isa = PBXBuildFile; fileRef = 442924C61A3A6BE50059F280 /* ProductManager.m */; };
		442924CA1A3A75D00059F280 /* Localizable.strings in Resources */ = {isa = PBXBuildFile; fileRef = 442924C91A3A75D00059F280 /* Localizable.strings */; };
		442924CD1A3A79990059F280 /* ClientManager.m in Sources */ = {isa = PBXBuildFile; fileRef = 442924CC1A3A79990059F280 /* ClientManager.m */; };
		442924D81A3A83AC0059F280 /* MainTableViewController.m in Sources */ = {isa = PBXBuildFile; fileRef = 442924D71A3A83AC0059F280 /* MainTableViewController.m */; };
		442924DE1A3A84C70059F280 /* LoadingView.m in Sources */ = {isa = PBXBuildFile; fileRef = 442924DD1A3A84C70059F280 /* LoadingView.m */; };
/* End PBXBuildFile section */

/* Begin PBXContainerItemProxy section */
		442924A21A3A658C0059F280 /* PBXContainerItemProxy */ = {
			isa = PBXContainerItemProxy;
			containerPortal = 442924801A3A658C0059F280 /* Project object */;
			proxyType = 1;
			remoteGlobalIDString = 442924871A3A658C0059F280;
			remoteInfo = Demo;
		};
/* End PBXContainerItemProxy section */

/* Begin PBXFileReference section */
		4406C9021A3B275800162D07 /* ClientCell.h */ = {isa = PBXFileReference; fileEncoding = 4; lastKnownFileType = sourcecode.c.h; path = ClientCell.h; sourceTree = "<group>"; };
		4406C9031A3B275800162D07 /* ClientCell.m */ = {isa = PBXFileReference; fileEncoding = 4; lastKnownFileType = sourcecode.c.objc; path = ClientCell.m; sourceTree = "<group>"; };
		4406C9041A3B275800162D07 /* ClientCell.xib */ = {isa = PBXFileReference; fileEncoding = 4; lastKnownFileType = file.xib; path = ClientCell.xib; sourceTree = "<group>"; };
		4406C9181A3B33D500162D07 /* CartTableViewController.h */ = {isa = PBXFileReference; fileEncoding = 4; lastKnownFileType = sourcecode.c.h; path = CartTableViewController.h; sourceTree = "<group>"; };
		4406C9191A3B33D500162D07 /* CartTableViewController.m */ = {isa = PBXFileReference; fileEncoding = 4; lastKnownFileType = sourcecode.c.objc; path = CartTableViewController.m; sourceTree = "<group>"; };
		4406C91B1A3B383B00162D07 /* ProductCell.h */ = {isa = PBXFileReference; fileEncoding = 4; lastKnownFileType = sourcecode.c.h; path = ProductCell.h; sourceTree = "<group>"; };
		4406C91C1A3B383B00162D07 /* ProductCell.m */ = {isa = PBXFileReference; fileEncoding = 4; lastKnownFileType = sourcecode.c.objc; path = ProductCell.m; sourceTree = "<group>"; };
		4406C91D1A3B383B00162D07 /* ProductCell.xib */ = {isa = PBXFileReference; fileEncoding = 4; lastKnownFileType = file.xib; path = ProductCell.xib; sourceTree = "<group>"; };
		442924881A3A658C0059F280 /* Demo.app */ = {isa = PBXFileReference; explicitFileType = wrapper.application; includeInIndex = 0; path = Demo.app; sourceTree = BUILT_PRODUCTS_DIR; };
		4429248C1A3A658C0059F280 /* Info.plist */ = {isa = PBXFileReference; lastKnownFileType = text.plist.xml; path = Info.plist; sourceTree = "<group>"; };
		4429248D1A3A658C0059F280 /* main.m */ = {isa = PBXFileReference; lastKnownFileType = sourcecode.c.objc; path = main.m; sourceTree = "<group>"; };
		4429248F1A3A658C0059F280 /* AppDelegate.h */ = {isa = PBXFileReference; lastKnownFileType = sourcecode.c.h; path = AppDelegate.h; sourceTree = "<group>"; };
		442924901A3A658C0059F280 /* AppDelegate.m */ = {isa = PBXFileReference; lastKnownFileType = sourcecode.c.objc; path = AppDelegate.m; sourceTree = "<group>"; };
		442924961A3A658C0059F280 /* Base */ = {isa = PBXFileReference; lastKnownFileType = file.storyboard; name = Base; path = Base.lproj/Main.storyboard; sourceTree = "<group>"; };
		442924981A3A658C0059F280 /* Images.xcassets */ = {isa = PBXFileReference; lastKnownFileType = folder.assetcatalog; path = Images.xcassets; sourceTree = "<group>"; };
		4429249B1A3A658C0059F280 /* Base */ = {isa = PBXFileReference; lastKnownFileType = file.xib; name = Base; path = Base.lproj/LaunchScreen.xib; sourceTree = "<group>"; };
		442924A11A3A658C0059F280 /* DemoTests.xctest */ = {isa = PBXFileReference; explicitFileType = wrapper.cfbundle; includeInIndex = 0; path = DemoTests.xctest; sourceTree = BUILT_PRODUCTS_DIR; };
		442924A61A3A658C0059F280 /* Info.plist */ = {isa = PBXFileReference; lastKnownFileType = text.plist.xml; path = Info.plist; sourceTree = "<group>"; };
		442924A71A3A658C0059F280 /* DemoTests.m */ = {isa = PBXFileReference; lastKnownFileType = sourcecode.c.objc; path = DemoTests.m; sourceTree = "<group>"; };
		442924B81A3A660A0059F280 /* Client.h */ = {isa = PBXFileReference; fileEncoding = 4; lastKnownFileType = sourcecode.c.h; path = Client.h; sourceTree = "<group>"; };
		442924B91A3A660A0059F280 /* Client.m */ = {isa = PBXFileReference; fileEncoding = 4; lastKnownFileType = sourcecode.c.objc; path = Client.m; sourceTree = "<group>"; };
		442924BB1A3A66190059F280 /* Product.h */ = {isa = PBXFileReference; fileEncoding = 4; lastKnownFileType = sourcecode.c.h; path = Product.h; sourceTree = "<group>"; };
		442924BC1A3A66190059F280 /* Product.m */ = {isa = PBXFileReference; fileEncoding = 4; lastKnownFileType = sourcecode.c.objc; path = Product.m; sourceTree = "<group>"; };
		442924BE1A3A66300059F280 /* Order.h */ = {isa = PBXFileReference; fileEncoding = 4; lastKnownFileType = sourcecode.c.h; path = Order.h; sourceTree = "<group>"; };
		442924BF1A3A66300059F280 /* Order.m */ = {isa = PBXFileReference; fileEncoding = 4; lastKnownFileType = sourcecode.c.objc; path = Order.m; sourceTree = "<group>"; };
		442924C21A3A684C0059F280 /* BaseManager.h */ = {isa = PBXFileReference; fileEncoding = 4; lastKnownFileType = sourcecode.c.h; path = BaseManager.h; sourceTree = "<group>"; };
		442924C31A3A684C0059F280 /* BaseManager.m */ = {isa = PBXFileReference; fileEncoding = 4; lastKnownFileType = sourcecode.c.objc; path = BaseManager.m; sourceTree = "<group>"; };
		442924C51A3A6BE50059F280 /* ProductManager.h */ = {isa = PBXFileReference; fileEncoding = 4; lastKnownFileType = sourcecode.c.h; path = ProductManager.h; sourceTree = "<group>"; };
		442924C61A3A6BE50059F280 /* ProductManager.m */ = {isa = PBXFileReference; fileEncoding = 4; lastKnownFileType = sourcecode.c.objc; path = ProductManager.m; sourceTree = "<group>"; };
		442924C81A3A73300059F280 /* Demo-Prefix.pch */ = {isa = PBXFileReference; fileEncoding = 4; lastKnownFileType = sourcecode.c.h; path = "Demo-Prefix.pch"; sourceTree = "<group>"; };
		442924C91A3A75D00059F280 /* Localizable.strings */ = {isa = PBXFileReference; fileEncoding = 4; lastKnownFileType = text.plist.strings; path = Localizable.strings; sourceTree = "<group>"; };
		442924CB1A3A79990059F280 /* ClientManager.h */ = {isa = PBXFileReference; fileEncoding = 4; lastKnownFileType = sourcecode.c.h; path = ClientManager.h; sourceTree = "<group>"; };
		442924CC1A3A79990059F280 /* ClientManager.m */ = {isa = PBXFileReference; fileEncoding = 4; lastKnownFileType = sourcecode.c.objc; path = ClientManager.m; sourceTree = "<group>"; };
		442924D31A3A82D90059F280 /* en */ = {isa = PBXFileReference; lastKnownFileType = text.plist.strings; name = en; path = en.lproj/Main.strings; sourceTree = "<group>"; };
		442924D41A3A837A0059F280 /* es */ = {isa = PBXFileReference; lastKnownFileType = text.plist.strings; name = es; path = es.lproj/Main.strings; sourceTree = "<group>"; };
		442924D51A3A837A0059F280 /* es */ = {isa = PBXFileReference; lastKnownFileType = text.plist.strings; name = es; path = es.lproj/LaunchScreen.strings; sourceTree = "<group>"; };
		442924D61A3A83AC0059F280 /* MainTableViewController.h */ = {isa = PBXFileReference; fileEncoding = 4; lastKnownFileType = sourcecode.c.h; path = MainTableViewController.h; sourceTree = "<group>"; };
		442924D71A3A83AC0059F280 /* MainTableViewController.m */ = {isa = PBXFileReference; fileEncoding = 4; lastKnownFileType = sourcecode.c.objc; path = MainTableViewController.m; sourceTree = "<group>"; };
		442924DA1A3A83F80059F280 /* en */ = {isa = PBXFileReference; lastKnownFileType = text.plist.strings; name = en; path = en.lproj/LaunchScreen.strings; sourceTree = "<group>"; };
		442924DC1A3A84C70059F280 /* LoadingView.h */ = {isa = PBXFileReference; fileEncoding = 4; lastKnownFileType = sourcecode.c.h; path = LoadingView.h; sourceTree = "<group>"; };
		442924DD1A3A84C70059F280 /* LoadingView.m */ = {isa = PBXFileReference; fileEncoding = 4; lastKnownFileType = sourcecode.c.objc; path = LoadingView.m; sourceTree = "<group>"; };
/* End PBXFileReference section */

/* Begin PBXFrameworksBuildPhase section */
		442924851A3A658C0059F280 /* Frameworks */ = {
			isa = PBXFrameworksBuildPhase;
			buildActionMask = 2147483647;
			files = (
			);
			runOnlyForDeploymentPostprocessing = 0;
		};
		4429249E1A3A658C0059F280 /* Frameworks */ = {
			isa = PBXFrameworksBuildPhase;
			buildActionMask = 2147483647;
			files = (
			);
			runOnlyForDeploymentPostprocessing = 0;
		};
/* End PBXFrameworksBuildPhase section */

/* Begin PBXGroup section */
		4406C8F91A3B144D00162D07 /* CustomTableViewCells */ = {
			isa = PBXGroup;
			children = (
				4406C9021A3B275800162D07 /* ClientCell.h */,
				4406C9031A3B275800162D07 /* ClientCell.m */,
				4406C9041A3B275800162D07 /* ClientCell.xib */,
				4406C91B1A3B383B00162D07 /* ProductCell.h */,
				4406C91C1A3B383B00162D07 /* ProductCell.m */,
				4406C91D1A3B383B00162D07 /* ProductCell.xib */,
			);
			name = CustomTableViewCells;
			sourceTree = "<group>";
		};
		4429247F1A3A658C0059F280 = {
			isa = PBXGroup;
			children = (
				4429248A1A3A658C0059F280 /* Demo */,
				442924A41A3A658C0059F280 /* DemoTests */,
				442924891A3A658C0059F280 /* Products */,
			);
			sourceTree = "<group>";
		};
		442924891A3A658C0059F280 /* Products */ = {
			isa = PBXGroup;
			children = (
				442924881A3A658C0059F280 /* Demo.app */,
				442924A11A3A658C0059F280 /* DemoTests.xctest */,
			);
			name = Products;
			sourceTree = "<group>";
		};
		4429248A1A3A658C0059F280 /* Demo */ = {
			isa = PBXGroup;
			children = (
				442924DB1A3A84C70059F280 /* CustomViews */,
				442924C11A3A664B0059F280 /* Managers */,
				442924B41A3A65C10059F280 /* Entities */,
				4429248F1A3A658C0059F280 /* AppDelegate.h */,
				442924901A3A658C0059F280 /* AppDelegate.m */,
				442924951A3A658C0059F280 /* Main.storyboard */,
				442924981A3A658C0059F280 /* Images.xcassets */,
				4429249A1A3A658C0059F280 /* LaunchScreen.xib */,
				4429248B1A3A658C0059F280 /* Supporting Files */,
				442924D61A3A83AC0059F280 /* MainTableViewController.h */,
				442924D71A3A83AC0059F280 /* MainTableViewController.m */,
				4406C9181A3B33D500162D07 /* CartTableViewController.h */,
				4406C9191A3B33D500162D07 /* CartTableViewController.m */,
			);
			path = Demo;
			sourceTree = "<group>";
		};
		4429248B1A3A658C0059F280 /* Supporting Files */ = {
			isa = PBXGroup;
			children = (
				4429248C1A3A658C0059F280 /* Info.plist */,
				4429248D1A3A658C0059F280 /* main.m */,
				442924C81A3A73300059F280 /* Demo-Prefix.pch */,
				442924C91A3A75D00059F280 /* Localizable.strings */,
			);
			name = "Supporting Files";
			sourceTree = "<group>";
		};
		442924A41A3A658C0059F280 /* DemoTests */ = {
			isa = PBXGroup;
			children = (
				442924A71A3A658C0059F280 /* DemoTests.m */,
				442924A51A3A658C0059F280 /* Supporting Files */,
			);
			path = DemoTests;
			sourceTree = "<group>";
		};
		442924A51A3A658C0059F280 /* Supporting Files */ = {
			isa = PBXGroup;
			children = (
				442924A61A3A658C0059F280 /* Info.plist */,
			);
			name = "Supporting Files";
			sourceTree = "<group>";
		};
		442924B41A3A65C10059F280 /* Entities */ = {
			isa = PBXGroup;
			children = (
				442924B81A3A660A0059F280 /* Client.h */,
				442924B91A3A660A0059F280 /* Client.m */,
				442924BB1A3A66190059F280 /* Product.h */,
				442924BC1A3A66190059F280 /* Product.m */,
				442924BE1A3A66300059F280 /* Order.h */,
				442924BF1A3A66300059F280 /* Order.m */,
			);
			path = Entities;
			sourceTree = "<group>";
		};
		442924C11A3A664B0059F280 /* Managers */ = {
			isa = PBXGroup;
			children = (
				442924C21A3A684C0059F280 /* BaseManager.h */,
				442924C31A3A684C0059F280 /* BaseManager.m */,
				442924C51A3A6BE50059F280 /* ProductManager.h */,
				442924C61A3A6BE50059F280 /* ProductManager.m */,
				442924CB1A3A79990059F280 /* ClientManager.h */,
				442924CC1A3A79990059F280 /* ClientManager.m */,
			);
			path = Managers;
			sourceTree = "<group>";
		};
		442924DB1A3A84C70059F280 /* CustomViews */ = {
			isa = PBXGroup;
			children = (
				442924DC1A3A84C70059F280 /* LoadingView.h */,
				442924DD1A3A84C70059F280 /* LoadingView.m */,
				4406C8F91A3B144D00162D07 /* CustomTableViewCells */,
			);
			path = CustomViews;
			sourceTree = "<group>";
		};
/* End PBXGroup section */

/* Begin PBXNativeTarget section */
		442924871A3A658C0059F280 /* Demo */ = {
			isa = PBXNativeTarget;
			buildConfigurationList = 442924AB1A3A658C0059F280 /* Build configuration list for PBXNativeTarget "Demo" */;
			buildPhases = (
				442924841A3A658C0059F280 /* Sources */,
				442924851A3A658C0059F280 /* Frameworks */,
				442924861A3A658C0059F280 /* Resources */,
			);
			buildRules = (
			);
			dependencies = (
			);
			name = Demo;
			productName = Demo;
			productReference = 442924881A3A658C0059F280 /* Demo.app */;
			productType = "com.apple.product-type.application";
		};
		442924A01A3A658C0059F280 /* DemoTests */ = {
			isa = PBXNativeTarget;
			buildConfigurationList = 442924AE1A3A658C0059F280 /* Build configuration list for PBXNativeTarget "DemoTests" */;
			buildPhases = (
				4429249D1A3A658C0059F280 /* Sources */,
				4429249E1A3A658C0059F280 /* Frameworks */,
				4429249F1A3A658C0059F280 /* Resources */,
			);
			buildRules = (
			);
			dependencies = (
				442924A31A3A658C0059F280 /* PBXTargetDependency */,
			);
			name = DemoTests;
			productName = DemoTests;
			productReference = 442924A11A3A658C0059F280 /* DemoTests.xctest */;
			productType = "com.apple.product-type.bundle.unit-test";
		};
/* End PBXNativeTarget section */

/* Begin PBXProject section */
		442924801A3A658C0059F280 /* Project object */ = {
			isa = PBXProject;
			attributes = {
				LastUpgradeCheck = 0610;
				ORGANIZATIONNAME = "German Pereyra";
				TargetAttributes = {
					442924871A3A658C0059F280 = {
						CreatedOnToolsVersion = 6.1.1;
					};
					442924A01A3A658C0059F280 = {
						CreatedOnToolsVersion = 6.1.1;
						TestTargetID = 442924871A3A658C0059F280;
					};
				};
			};
			buildConfigurationList = 442924831A3A658C0059F280 /* Build configuration list for PBXProject "Demo" */;
			compatibilityVersion = "Xcode 3.2";
			developmentRegion = English;
			hasScannedForEncodings = 0;
			knownRegions = (
				en,
				Base,
			);
			mainGroup = 4429247F1A3A658C0059F280;
			productRefGroup = 442924891A3A658C0059F280 /* Products */;
			projectDirPath = "";
			projectRoot = "";
			targets = (
				442924871A3A658C0059F280 /* Demo */,
				442924A01A3A658C0059F280 /* DemoTests */,
			);
		};
/* End PBXProject section */

/* Begin PBXResourcesBuildPhase section */
		442924861A3A658C0059F280 /* Resources */ = {
			isa = PBXResourcesBuildPhase;
			buildActionMask = 2147483647;
			files = (
				442924971A3A658C0059F280 /* Main.storyboard in Resources */,
				442924CA1A3A75D00059F280 /* Localizable.strings in Resources */,
				4406C91F1A3B383B00162D07 /* ProductCell.xib in Resources */,
				4429249C1A3A658C0059F280 /* LaunchScreen.xib in Resources */,
				442924991A3A658C0059F280 /* Images.xcassets in Resources */,
				4406C9061A3B275800162D07 /* ClientCell.xib in Resources */,
			);
			runOnlyForDeploymentPostprocessing = 0;
		};
		4429249F1A3A658C0059F280 /* Resources */ = {
			isa = PBXResourcesBuildPhase;
			buildActionMask = 2147483647;
			files = (
			);
			runOnlyForDeploymentPostprocessing = 0;
		};
/* End PBXResourcesBuildPhase section */

/* Begin PBXSourcesBuildPhase section */
		442924841A3A658C0059F280 /* Sources */ = {
			isa = PBXSourcesBuildPhase;
			buildActionMask = 2147483647;
			files = (
				442924C01A3A66300059F280 /* Order.m in Sources */,
				442924DE1A3A84C70059F280 /* LoadingView.m in Sources */,
				442924CD1A3A79990059F280 /* ClientManager.m in Sources */,
				442924BD1A3A66190059F280 /* Product.m in Sources */,
				4406C91E1A3B383B00162D07 /* ProductCell.m in Sources */,
				4406C91A1A3B33D500162D07 /* CartTableViewController.m in Sources */,
				4406C9051A3B275800162D07 /* ClientCell.m in Sources */,
				442924C41A3A684C0059F280 /* BaseManager.m in Sources */,
				442924911A3A658C0059F280 /* AppDelegate.m in Sources */,
				442924BA1A3A660A0059F280 /* Client.m in Sources */,
				4429248E1A3A658C0059F280 /* main.m in Sources */,
				442924C71A3A6BE50059F280 /* ProductManager.m in Sources */,
				442924D81A3A83AC0059F280 /* MainTableViewController.m in Sources */,
			);
			runOnlyForDeploymentPostprocessing = 0;
		};
		4429249D1A3A658C0059F280 /* Sources */ = {
			isa = PBXSourcesBuildPhase;
			buildActionMask = 2147483647;
			files = (
				442924A81A3A658C0059F280 /* DemoTests.m in Sources */,
			);
			runOnlyForDeploymentPostprocessing = 0;
		};
/* End PBXSourcesBuildPhase section */

/* Begin PBXTargetDependency section */
		442924A31A3A658C0059F280 /* PBXTargetDependency */ = {
			isa = PBXTargetDependency;
			target = 442924871A3A658C0059F280 /* Demo */;
			targetProxy = 442924A21A3A658C0059F280 /* PBXContainerItemProxy */;
		};
/* End PBXTargetDependency section */

/* Begin PBXVariantGroup section */
		442924951A3A658C0059F280 /* Main.storyboard */ = {
			isa = PBXVariantGroup;
			children = (
				442924961A3A658C0059F280 /* Base */,
				442924D31A3A82D90059F280 /* en */,
				442924D41A3A837A0059F280 /* es */,
			);
			name = Main.storyboard;
			sourceTree = "<group>";
		};
		4429249A1A3A658C0059F280 /* LaunchScreen.xib */ = {
			isa = PBXVariantGroup;
			children = (
				4429249B1A3A658C0059F280 /* Base */,
				442924D51A3A837A0059F280 /* es */,
				442924DA1A3A83F80059F280 /* en */,
			);
			name = LaunchScreen.xib;
			sourceTree = "<group>";
		};
/* End PBXVariantGroup section */

/* Begin XCBuildConfiguration section */
		442924A91A3A658C0059F280 /* Debug */ = {
			isa = XCBuildConfiguration;
			buildSettings = {
				ALWAYS_SEARCH_USER_PATHS = NO;
				CLANG_CXX_LANGUAGE_STANDARD = "gnu++0x";
				CLANG_CXX_LIBRARY = "libc++";
				CLANG_ENABLE_MODULES = YES;
				CLANG_ENABLE_OBJC_ARC = YES;
				CLANG_WARN_BOOL_CONVERSION = YES;
				CLANG_WARN_CONSTANT_CONVERSION = YES;
				CLANG_WARN_DIRECT_OBJC_ISA_USAGE = YES_ERROR;
				CLANG_WARN_EMPTY_BODY = YES;
				CLANG_WARN_ENUM_CONVERSION = YES;
				CLANG_WARN_INT_CONVERSION = YES;
				CLANG_WARN_OBJC_ROOT_CLASS = YES_ERROR;
				CLANG_WARN_UNREACHABLE_CODE = YES;
				CLANG_WARN__DUPLICATE_METHOD_MATCH = YES;
				"CODE_SIGN_IDENTITY[sdk=iphoneos*]" = "iPhone Developer";
				COPY_PHASE_STRIP = NO;
				ENABLE_STRICT_OBJC_MSGSEND = YES;
				GCC_C_LANGUAGE_STANDARD = gnu99;
				GCC_DYNAMIC_NO_PIC = NO;
				GCC_OPTIMIZATION_LEVEL = 0;
				GCC_PREPROCESSOR_DEFINITIONS = (
					"DEBUG=1",
					"$(inherited)",
				);
				GCC_SYMBOLS_PRIVATE_EXTERN = NO;
				GCC_WARN_64_TO_32_BIT_CONVERSION = YES;
				GCC_WARN_ABOUT_RETURN_TYPE = YES_ERROR;
				GCC_WARN_UNDECLARED_SELECTOR = YES;
				GCC_WARN_UNINITIALIZED_AUTOS = YES_AGGRESSIVE;
				GCC_WARN_UNUSED_FUNCTION = YES;
				GCC_WARN_UNUSED_VARIABLE = YES;
				IPHONEOS_DEPLOYMENT_TARGET = 8.1;
				MTL_ENABLE_DEBUG_INFO = YES;
				ONLY_ACTIVE_ARCH = YES;
				SDKROOT = iphoneos;
				TARGETED_DEVICE_FAMILY = 2;
			};
			name = Debug;
		};
		442924AA1A3A658C0059F280 /* Release */ = {
			isa = XCBuildConfiguration;
			buildSettings = {
				ALWAYS_SEARCH_USER_PATHS = NO;
				CLANG_CXX_LANGUAGE_STANDARD = "gnu++0x";
				CLANG_CXX_LIBRARY = "libc++";
				CLANG_ENABLE_MODULES = YES;
				CLANG_ENABLE_OBJC_ARC = YES;
				CLANG_WARN_BOOL_CONVERSION = YES;
				CLANG_WARN_CONSTANT_CONVERSION = YES;
				CLANG_WARN_DIRECT_OBJC_ISA_USAGE = YES_ERROR;
				CLANG_WARN_EMPTY_BODY = YES;
				CLANG_WARN_ENUM_CONVERSION = YES;
				CLANG_WARN_INT_CONVERSION = YES;
				CLANG_WARN_OBJC_ROOT_CLASS = YES_ERROR;
				CLANG_WARN_UNREACHABLE_CODE = YES;
				CLANG_WARN__DUPLICATE_METHOD_MATCH = YES;
				"CODE_SIGN_IDENTITY[sdk=iphoneos*]" = "iPhone Developer";
				COPY_PHASE_STRIP = YES;
				ENABLE_NS_ASSERTIONS = NO;
				ENABLE_STRICT_OBJC_MSGSEND = YES;
				GCC_C_LANGUAGE_STANDARD = gnu99;
				GCC_WARN_64_TO_32_BIT_CONVERSION = YES;
				GCC_WARN_ABOUT_RETURN_TYPE = YES_ERROR;
				GCC_WARN_UNDECLARED_SELECTOR = YES;
				GCC_WARN_UNINITIALIZED_AUTOS = YES_AGGRESSIVE;
				GCC_WARN_UNUSED_FUNCTION = YES;
				GCC_WARN_UNUSED_VARIABLE = YES;
				IPHONEOS_DEPLOYMENT_TARGET = 8.1;
				MTL_ENABLE_DEBUG_INFO = NO;
				SDKROOT = iphoneos;
				TARGETED_DEVICE_FAMILY = 2;
				VALIDATE_PRODUCT = YES;
			};
			name = Release;
		};
		442924AC1A3A658C0059F280 /* Debug */ = {
			isa = XCBuildConfiguration;
			buildSettings = {
				ASSETCATALOG_COMPILER_APPICON_NAME = AppIcon;
				GCC_PREFIX_HEADER = "$(SRCROOT)/Demo/Demo-Prefix.pch";
				INFOPLIST_FILE = Demo/Info.plist;
				LD_RUNPATH_SEARCH_PATHS = "$(inherited) @executable_path/Frameworks";
				PRODUCT_NAME = "$(TARGET_NAME)";
				TARGETED_DEVICE_FAMILY = 1;
			};
			name = Debug;
		};
		442924AD1A3A658C0059F280 /* Release */ = {
			isa = XCBuildConfiguration;
			buildSettings = {
				ASSETCATALOG_COMPILER_APPICON_NAME = AppIcon;
				GCC_PREFIX_HEADER = "$(SRCROOT)/Demo/Demo-Prefix.pch";
				INFOPLIST_FILE = Demo/Info.plist;
				LD_RUNPATH_SEARCH_PATHS = "$(inherited) @executable_path/Frameworks";
				PRODUCT_NAME = "$(TARGET_NAME)";
				TARGETED_DEVICE_FAMILY = 1;
			};
			name = Release;
		};
		442924AF1A3A658C0059F280 /* Debug */ = {
			isa = XCBuildConfiguration;
			buildSettings = {
				BUNDLE_LOADER = "$(TEST_HOST)";
				FRAMEWORK_SEARCH_PATHS = (
					"$(SDKROOT)/Developer/Library/Frameworks",
					"$(inherited)",
				);
				GCC_PREPROCESSOR_DEFINITIONS = (
					"DEBUG=1",
					"$(inherited)",
				);
				INFOPLIST_FILE = DemoTests/Info.plist;
				LD_RUNPATH_SEARCH_PATHS = "$(inherited) @executable_path/Frameworks @loader_path/Frameworks";
				PRODUCT_NAME = "$(TARGET_NAME)";
				TEST_HOST = "$(BUILT_PRODUCTS_DIR)/Demo.app/Demo";
			};
			name = Debug;
		};
		442924B01A3A658C0059F280 /* Release */ = {
			isa = XCBuildConfiguration;
			buildSettings = {
				BUNDLE_LOADER = "$(TEST_HOST)";
				FRAMEWORK_SEARCH_PATHS = (
					"$(SDKROOT)/Developer/Library/Frameworks",
					"$(inherited)",
				);
				INFOPLIST_FILE = DemoTests/Info.plist;
				LD_RUNPATH_SEARCH_PATHS = "$(inherited) @executable_path/Frameworks @loader_path/Frameworks";
				PRODUCT_NAME = "$(TARGET_NAME)";
				TEST_HOST = "$(BUILT_PRODUCTS_DIR)/Demo.app/Demo";
			};
			name = Release;
		};
/* End XCBuildConfiguration section */

/* Begin XCConfigurationList section */
		442924831A3A658C0059F280 /* Build configuration list for PBXProject "Demo" */ = {
			isa = XCConfigurationList;
			buildConfigurations = (
				442924A91A3A658C0059F280 /* Debug */,
				442924AA1A3A658C0059F280 /* Release */,
			);
			defaultConfigurationIsVisible = 0;
			defaultConfigurationName = Release;
		};
		442924AB1A3A658C0059F280 /* Build configuration list for PBXNativeTarget "Demo" */ = {
			isa = XCConfigurationList;
			buildConfigurations = (
				442924AC1A3A658C0059F280 /* Debug */,
				442924AD1A3A658C0059F280 /* Release */,
			);
			defaultConfigurationIsVisible = 0;
			defaultConfigurationName = Release;
		};
		442924AE1A3A658C0059F280 /* Build configuration list for PBXNativeTarget "DemoTests" */ = {
			isa = XCConfigurationList;
			buildConfigurations = (
				442924AF1A3A658C0059F280 /* Debug */,
				442924B01A3A658C0059F280 /* Release */,
			);
			defaultConfigurationIsVisible = 0;
			defaultConfigurationName = Release;
		};
/* End XCConfigurationList section */
	};
	rootObject = 442924801A3A658C0059F280 /* Project object */;
}
